Microsoft Visual Studio Solution File, Format Version 12.00
# Visual Studio 15
VisualStudioVersion = 15.0.26124.0
MinimumVisualStudioVersion = 15.0.26124.0
Project("{9A19103F-16F7-4668-BE54-9A1E7A4F7556}") = "Pi.Replicate.Agent.Send", "Pi.Replicate.Agent\Pi.Replicate.Agent.Send.csproj", "{FC0EE694-300F-4E93-A602-1619C31674A9}"
EndProject
Project("{9A19103F-16F7-4668-BE54-9A1E7A4F7556}") = "Pi.Replicate.Processing", "Pi.Replicate.Processors\Pi.Replicate.Processing.csproj", "{A041BDDC-E623-44A9-AF45-4BB6273F4577}"
EndProject
Project("{9A19103F-16F7-4668-BE54-9A1E7A4F7556}") = "Pi.Replicate.Queuing", "Pi.Replicate.Queues\Pi.Replicate.Queuing.csproj", "{83603655-966B-46C9-85E0-F8E528BC170D}"
EndProject
Project("{9A19103F-16F7-4668-BE54-9A1E7A4F7556}") = "Pi.Replicate.Schema", "Pi.Replicate.Schema\Pi.Replicate.Schema.csproj", "{9BEEF5EB-3D4B-47C1-A2F6-FCC0226CBF43}"
EndProject
Project("{9A19103F-16F7-4668-BE54-9A1E7A4F7556}") = "Pi.Replicate.Web", "Pi.Replicate.Web\Pi.Replicate.Web.csproj", "{227866D1-1CEB-4D90-ADC7-23F48C0683B5}"
EndProject
Project("{9A19103F-16F7-4668-BE54-9A1E7A4F7556}") = "Pi.Replicate.Data", "Pi.Replicate.Data\Pi.Replicate.Data.csproj", "{6E3F05AC-AE91-4371-9E82-BB49D3DE683A}"
EndProject
Project("{9A19103F-16F7-4668-BE54-9A1E7A4F7556}") = "Pi.Replicate.Shared", "Pi.Replicate.Shared\Pi.Replicate.Shared.csproj", "{DF2EAEEB-EAC4-47B8-AF42-AB2767F3FC66}"
EndProject
Project("{9A19103F-16F7-4668-BE54-9A1E7A4F7556}") = "Pi.Replicate.Test", "Pi.Replicate.Test\Pi.Replicate.Test.csproj", "{8A784A4C-1CAE-477F-8EB1-95ED56B9619F}"
EndProject
Project("{9A19103F-16F7-4668-BE54-9A1E7A4F7556}") = "Pi.Replicate.Http", "Pi.Replicate.Http\Pi.Replicate.Http.csproj", "{E79BCD2D-61DF-49F5-8DED-FBFE9641478F}"
EndProject
Project("{9A19103F-16F7-4668-BE54-9A1E7A4F7556}") = "Pi.Replicate.Agent.Api", "Pi.Replicate.Agent.Receive\Pi.Replicate.Agent.Api.csproj", "{7318EE94-CD77-4779-BED7-12A929D80C6B}"
EndProject
Global
	GlobalSection(SolutionConfigurationPlatforms) = preSolution
		Debug|Any CPU = Debug|Any CPU
		Debug|x64 = Debug|x64
		Debug|x86 = Debug|x86
		Release|Any CPU = Release|Any CPU
		Release|x64 = Release|x64
		Release|x86 = Release|x86
	EndGlobalSection
	GlobalSection(ProjectConfigurationPlatforms) = postSolution
		{FC0EE694-300F-4E93-A602-1619C31674A9}.Debug|Any CPU.ActiveCfg = Debug|Any CPU
		{FC0EE694-300F-4E93-A602-1619C31674A9}.Debug|Any CPU.Build.0 = Debug|Any CPU
		{FC0EE694-300F-4E93-A602-1619C31674A9}.Debug|x64.ActiveCfg = Debug|Any CPU
		{FC0EE694-300F-4E93-A602-1619C31674A9}.Debug|x64.Build.0 = Debug|Any CPU
		{FC0EE694-300F-4E93-A602-1619C31674A9}.Debug|x86.ActiveCfg = Debug|Any CPU
		{FC0EE694-300F-4E93-A602-1619C31674A9}.Debug|x86.Build.0 = Debug|Any CPU
		{FC0EE694-300F-4E93-A602-1619C31674A9}.Release|Any CPU.ActiveCfg = Release|Any CPU
		{FC0EE694-300F-4E93-A602-1619C31674A9}.Release|Any CPU.Build.0 = Release|Any CPU
		{FC0EE694-300F-4E93-A602-1619C31674A9}.Release|x64.ActiveCfg = Release|Any CPU
		{FC0EE694-300F-4E93-A602-1619C31674A9}.Release|x64.Build.0 = Release|Any CPU
		{FC0EE694-300F-4E93-A602-1619C31674A9}.Release|x86.ActiveCfg = Release|Any CPU
		{FC0EE694-300F-4E93-A602-1619C31674A9}.Release|x86.Build.0 = Release|Any CPU
		{A041BDDC-E623-44A9-AF45-4BB6273F4577}.Debug|Any CPU.ActiveCfg = Debug|Any CPU
		{A041BDDC-E623-44A9-AF45-4BB6273F4577}.Debug|Any CPU.Build.0 = Debug|Any CPU
		{A041BDDC-E623-44A9-AF45-4BB6273F4577}.Debug|x64.ActiveCfg = Debug|Any CPU
		{A041BDDC-E623-44A9-AF45-4BB6273F4577}.Debug|x64.Build.0 = Debug|Any CPU
		{A041BDDC-E623-44A9-AF45-4BB6273F4577}.Debug|x86.ActiveCfg = Debug|Any CPU
		{A041BDDC-E623-44A9-AF45-4BB6273F4577}.Debug|x86.Build.0 = Debug|Any CPU
		{A041BDDC-E623-44A9-AF45-4BB6273F4577}.Release|Any CPU.ActiveCfg = Release|Any CPU
		{A041BDDC-E623-44A9-AF45-4BB6273F4577}.Release|Any CPU.Build.0 = Release|Any CPU
		{A041BDDC-E623-44A9-AF45-4BB6273F4577}.Release|x64.ActiveCfg = Release|Any CPU
		{A041BDDC-E623-44A9-AF45-4BB6273F4577}.Release|x64.Build.0 = Release|Any CPU
		{A041BDDC-E623-44A9-AF45-4BB6273F4577}.Release|x86.ActiveCfg = Release|Any CPU
		{A041BDDC-E623-44A9-AF45-4BB6273F4577}.Release|x86.Build.0 = Release|Any CPU
		{83603655-966B-46C9-85E0-F8E528BC170D}.Debug|Any CPU.ActiveCfg = Debug|Any CPU
		{83603655-966B-46C9-85E0-F8E528BC170D}.Debug|Any CPU.Build.0 = Debug|Any CPU
		{83603655-966B-46C9-85E0-F8E528BC170D}.Debug|x64.ActiveCfg = Debug|Any CPU
		{83603655-966B-46C9-85E0-F8E528BC170D}.Debug|x64.Build.0 = Debug|Any CPU
		{83603655-966B-46C9-85E0-F8E528BC170D}.Debug|x86.ActiveCfg = Debug|Any CPU
		{83603655-966B-46C9-85E0-F8E528BC170D}.Debug|x86.Build.0 = Debug|Any CPU
		{83603655-966B-46C9-85E0-F8E528BC170D}.Release|Any CPU.ActiveCfg = Release|Any CPU
		{83603655-966B-46C9-85E0-F8E528BC170D}.Release|Any CPU.Build.0 = Release|Any CPU
		{83603655-966B-46C9-85E0-F8E528BC170D}.Release|x64.ActiveCfg = Release|Any CPU
		{83603655-966B-46C9-85E0-F8E528BC170D}.Release|x64.Build.0 = Release|Any CPU
		{83603655-966B-46C9-85E0-F8E528BC170D}.Release|x86.ActiveCfg = Release|Any CPU
		{83603655-966B-46C9-85E0-F8E528BC170D}.Release|x86.Build.0 = Release|Any CPU
		{9BEEF5EB-3D4B-47C1-A2F6-FCC0226CBF43}.Debug|Any CPU.ActiveCfg = Debug|Any CPU
		{9BEEF5EB-3D4B-47C1-A2F6-FCC0226CBF43}.Debug|Any CPU.Build.0 = Debug|Any CPU
		{9BEEF5EB-3D4B-47C1-A2F6-FCC0226CBF43}.Debug|x64.ActiveCfg = Debug|Any CPU
		{9BEEF5EB-3D4B-47C1-A2F6-FCC0226CBF43}.Debug|x64.Build.0 = Debug|Any CPU
		{9BEEF5EB-3D4B-47C1-A2F6-FCC0226CBF43}.Debug|x86.ActiveCfg = Debug|Any CPU
		{9BEEF5EB-3D4B-47C1-A2F6-FCC0226CBF43}.Debug|x86.Build.0 = Debug|Any CPU
		{9BEEF5EB-3D4B-47C1-A2F6-FCC0226CBF43}.Release|Any CPU.ActiveCfg = Release|Any CPU
		{9BEEF5EB-3D4B-47C1-A2F6-FCC0226CBF43}.Release|Any CPU.Build.0 = Release|Any CPU
		{9BEEF5EB-3D4B-47C1-A2F6-FCC0226CBF43}.Release|x64.ActiveCfg = Release|Any CPU
		{9BEEF5EB-3D4B-47C1-A2F6-FCC0226CBF43}.Release|x64.Build.0 = Release|Any CPU
		{9BEEF5EB-3D4B-47C1-A2F6-FCC0226CBF43}.Release|x86.ActiveCfg = Release|Any CPU
		{9BEEF5EB-3D4B-47C1-A2F6-FCC0226CBF43}.Release|x86.Build.0 = Release|Any CPU
		{227866D1-1CEB-4D90-ADC7-23F48C0683B5}.Debug|Any CPU.ActiveCfg = Debug|Any CPU
		{227866D1-1CEB-4D90-ADC7-23F48C0683B5}.Debug|Any CPU.Build.0 = Debug|Any CPU
		{227866D1-1CEB-4D90-ADC7-23F48C0683B5}.Debug|x64.ActiveCfg = Debug|Any CPU
		{227866D1-1CEB-4D90-ADC7-23F48C0683B5}.Debug|x64.Build.0 = Debug|Any CPU
		{227866D1-1CEB-4D90-ADC7-23F48C0683B5}.Debug|x86.ActiveCfg = Debug|Any CPU
		{227866D1-1CEB-4D90-ADC7-23F48C0683B5}.Debug|x86.Build.0 = Debug|Any CPU
		{227866D1-1CEB-4D90-ADC7-23F48C0683B5}.Release|Any CPU.ActiveCfg = Release|Any CPU
		{227866D1-1CEB-4D90-ADC7-23F48C0683B5}.Release|Any CPU.Build.0 = Release|Any CPU
		{227866D1-1CEB-4D90-ADC7-23F48C0683B5}.Release|x64.ActiveCfg = Release|Any CPU
		{227866D1-1CEB-4D90-ADC7-23F48C0683B5}.Release|x64.Build.0 = Release|Any CPU
		{227866D1-1CEB-4D90-ADC7-23F48C0683B5}.Release|x86.ActiveCfg = Release|Any CPU
		{227866D1-1CEB-4D90-ADC7-23F48C0683B5}.Release|x86.Build.0 = Release|Any CPU
		{6E3F05AC-AE91-4371-9E82-BB49D3DE683A}.Debug|Any CPU.ActiveCfg = Debug|Any CPU
		{6E3F05AC-AE91-4371-9E82-BB49D3DE683A}.Debug|Any CPU.Build.0 = Debug|Any CPU
		{6E3F05AC-AE91-4371-9E82-BB49D3DE683A}.Debug|x64.ActiveCfg = Debug|Any CPU
		{6E3F05AC-AE91-4371-9E82-BB49D3DE683A}.Debug|x64.Build.0 = Debug|Any CPU
		{6E3F05AC-AE91-4371-9E82-BB49D3DE683A}.Debug|x86.ActiveCfg = Debug|Any CPU
		{6E3F05AC-AE91-4371-9E82-BB49D3DE683A}.Debug|x86.Build.0 = Debug|Any CPU
		{6E3F05AC-AE91-4371-9E82-BB49D3DE683A}.Release|Any CPU.ActiveCfg = Release|Any CPU
		{6E3F05AC-AE91-4371-9E82-BB49D3DE683A}.Release|Any CPU.Build.0 = Release|Any CPU
		{6E3F05AC-AE91-4371-9E82-BB49D3DE683A}.Release|x64.ActiveCfg = Release|Any CPU
		{6E3F05AC-AE91-4371-9E82-BB49D3DE683A}.Release|x64.Build.0 = Release|Any CPU
		{6E3F05AC-AE91-4371-9E82-BB49D3DE683A}.Release|x86.ActiveCfg = Release|Any CPU
		{6E3F05AC-AE91-4371-9E82-BB49D3DE683A}.Release|x86.Build.0 = Release|Any CPU
		{DF2EAEEB-EAC4-47B8-AF42-AB2767F3FC66}.Debug|Any CPU.ActiveCfg = Debug|Any CPU
		{DF2EAEEB-EAC4-47B8-AF42-AB2767F3FC66}.Debug|Any CPU.Build.0 = Debug|Any CPU
		{DF2EAEEB-EAC4-47B8-AF42-AB2767F3FC66}.Debug|x64.ActiveCfg = Debug|Any CPU
		{DF2EAEEB-EAC4-47B8-AF42-AB2767F3FC66}.Debug|x64.Build.0 = Debug|Any CPU
		{DF2EAEEB-EAC4-47B8-AF42-AB2767F3FC66}.Debug|x86.ActiveCfg = Debug|Any CPU
		{DF2EAEEB-EAC4-47B8-AF42-AB2767F3FC66}.Debug|x86.Build.0 = Debug|Any CPU
		{DF2EAEEB-EAC4-47B8-AF42-AB2767F3FC66}.Release|Any CPU.ActiveCfg = Release|Any CPU
		{DF2EAEEB-EAC4-47B8-AF42-AB2767F3FC66}.Release|Any CPU.Build.0 = Release|Any CPU
		{DF2EAEEB-EAC4-47B8-AF42-AB2767F3FC66}.Release|x64.ActiveCfg = Release|Any CPU
		{DF2EAEEB-EAC4-47B8-AF42-AB2767F3FC66}.Release|x64.Build.0 = Release|Any CPU
		{DF2EAEEB-EAC4-47B8-AF42-AB2767F3FC66}.Release|x86.ActiveCfg = Release|Any CPU
		{DF2EAEEB-EAC4-47B8-AF42-AB2767F3FC66}.Release|x86.Build.0 = Release|Any CPU
		{8A784A4C-1CAE-477F-8EB1-95ED56B9619F}.Debug|Any CPU.ActiveCfg = Debug|Any CPU
		{8A784A4C-1CAE-477F-8EB1-95ED56B9619F}.Debug|Any CPU.Build.0 = Debug|Any CPU
		{8A784A4C-1CAE-477F-8EB1-95ED56B9619F}.Debug|x64.ActiveCfg = Debug|Any CPU
		{8A784A4C-1CAE-477F-8EB1-95ED56B9619F}.Debug|x64.Build.0 = Debug|Any CPU
		{8A784A4C-1CAE-477F-8EB1-95ED56B9619F}.Debug|x86.ActiveCfg = Debug|Any CPU
		{8A784A4C-1CAE-477F-8EB1-95ED56B9619F}.Debug|x86.Build.0 = Debug|Any CPU
		{8A784A4C-1CAE-477F-8EB1-95ED56B9619F}.Release|Any CPU.ActiveCfg = Release|Any CPU
		{8A784A4C-1CAE-477F-8EB1-95ED56B9619F}.Release|Any CPU.Build.0 = Release|Any CPU
		{8A784A4C-1CAE-477F-8EB1-95ED56B9619F}.Release|x64.ActiveCfg = Release|Any CPU
		{8A784A4C-1CAE-477F-8EB1-95ED56B9619F}.Release|x64.Build.0 = Release|Any CPU
		{8A784A4C-1CAE-477F-8EB1-95ED56B9619F}.Release|x86.ActiveCfg = Release|Any CPU
		{8A784A4C-1CAE-477F-8EB1-95ED56B9619F}.Release|x86.Build.0 = Release|Any CPU
		{E79BCD2D-61DF-49F5-8DED-FBFE9641478F}.Debug|Any CPU.ActiveCfg = Debug|Any CPU
		{E79BCD2D-61DF-49F5-8DED-FBFE9641478F}.Debug|Any CPU.Build.0 = Debug|Any CPU
		{E79BCD2D-61DF-49F5-8DED-FBFE9641478F}.Debug|x64.ActiveCfg = Debug|Any CPU
		{E79BCD2D-61DF-49F5-8DED-FBFE9641478F}.Debug|x64.Build.0 = Debug|Any CPU
		{E79BCD2D-61DF-49F5-8DED-FBFE9641478F}.Debug|x86.ActiveCfg = Debug|Any CPU
		{E79BCD2D-61DF-49F5-8DED-FBFE9641478F}.Debug|x86.Build.0 = Debug|Any CPU
		{E79BCD2D-61DF-49F5-8DED-FBFE9641478F}.Release|Any CPU.ActiveCfg = Release|Any CPU
		{E79BCD2D-61DF-49F5-8DED-FBFE9641478F}.Release|Any CPU.Build.0 = Release|Any CPU
		{E79BCD2D-61DF-49F5-8DED-FBFE9641478F}.Release|x64.ActiveCfg = Release|Any CPU
		{E79BCD2D-61DF-49F5-8DED-FBFE9641478F}.Release|x64.Build.0 = Release|Any CPU
		{E79BCD2D-61DF-49F5-8DED-FBFE9641478F}.Release|x86.ActiveCfg = Release|Any CPU
		{E79BCD2D-61DF-49F5-8DED-FBFE9641478F}.Release|x86.Build.0 = Release|Any CPU
		{7318EE94-CD77-4779-BED7-12A929D80C6B}.Debug|Any CPU.ActiveCfg = Debug|Any CPU
		{7318EE94-CD77-4779-BED7-12A929D80C6B}.Debug|Any CPU.Build.0 = Debug|Any CPU
		{7318EE94-CD77-4779-BED7-12A929D80C6B}.Debug|x64.ActiveCfg = Debug|Any CPU
		{7318EE94-CD77-4779-BED7-12A929D80C6B}.Debug|x64.Build.0 = Debug|Any CPU
		{7318EE94-CD77-4779-BED7-12A929D80C6B}.Debug|x86.ActiveCfg = Debug|Any CPU
		{7318EE94-CD77-4779-BED7-12A929D80C6B}.Debug|x86.Build.0 = Debug|Any CPU
		{7318EE94-CD77-4779-BED7-12A929D80C6B}.Release|Any CPU.ActiveCfg = Release|Any CPU
		{7318EE94-CD77-4779-BED7-12A929D80C6B}.Release|Any CPU.Build.0 = Release|Any CPU
		{7318EE94-CD77-4779-BED7-12A929D80C6B}.Release|x64.ActiveCfg = Release|Any CPU
		{7318EE94-CD77-4779-BED7-12A929D80C6B}.Release|x64.Build.0 = Release|Any CPU
		{7318EE94-CD77-4779-BED7-12A929D80C6B}.Release|x86.ActiveCfg = Release|Any CPU
		{7318EE94-CD77-4779-BED7-12A929D80C6B}.Release|x86.Build.0 = Release|Any CPU
	EndGlobalSection
	GlobalSection(SolutionProperties) = preSolution
		HideSolutionNode = FALSE
	EndGlobalSection
	GlobalSection(ExtensibilityGlobals) = postSolution
		SolutionGuid = {73153CF6-1F41-4933-982A-6BC2C2013EA0}
	EndGlobalSection
EndGlobal
