
Microsoft Visual Studio Solution File, Format Version 12.00
# Visual Studio Version 16
VisualStudioVersion = 16.0.28803.352
MinimumVisualStudioVersion = 15.0.26124.0
Project("{9A19103F-16F7-4668-BE54-9A1E7A4F7556}") = "Pi.Replicate.Processing", "Pi.Replicate.Processors\Pi.Replicate.Processing.csproj", "{A041BDDC-E623-44A9-AF45-4BB6273F4577}"
EndProject
Project("{9A19103F-16F7-4668-BE54-9A1E7A4F7556}") = "Pi.Replicate.Shared", "Pi.Replicate.Shared\Pi.Replicate.Shared.csproj", "{DF2EAEEB-EAC4-47B8-AF42-AB2767F3FC66}"
EndProject
Project("{9A19103F-16F7-4668-BE54-9A1E7A4F7556}") = "Pi.Replicate.Test", "Pi.Replicate.Test\Pi.Replicate.Test.csproj", "{8A784A4C-1CAE-477F-8EB1-95ED56B9619F}"
EndProject
Project("{2150E333-8FDC-42A3-9474-1A3956D46DE8}") = "Core", "Core", "{60DAB05A-4AA3-4F91-9DBA-02153AFBE99B}"
EndProject
Project("{2150E333-8FDC-42A3-9474-1A3956D46DE8}") = "Infrastructure", "Infrastructure", "{712C9502-C220-463D-9450-15DE34088AC1}"
EndProject
Project("{2150E333-8FDC-42A3-9474-1A3956D46DE8}") = "Presentation", "Presentation", "{A5A67A10-A731-4F45-80E3-5BF6F02332D0}"
EndProject
Project("{9A19103F-16F7-4668-BE54-9A1E7A4F7556}") = "Pi.Replicate.Application", "Pi.Replicate.Application\Pi.Replicate.Application.csproj", "{EA7BDA72-D4D5-4740-BB3F-313B14A7A57C}"
EndProject
Project("{9A19103F-16F7-4668-BE54-9A1E7A4F7556}") = "Pi.Replicate.Domain", "Pi.Replicate.Domain\Pi.Replicate.Domain.csproj", "{E79CA852-4F88-44FA-8CCC-73E866E4C0B2}"
EndProject
Project("{9A19103F-16F7-4668-BE54-9A1E7A4F7556}") = "Pi.Replicate.Worker.Console", "Pi.Replicate.Worker.Console\Pi.Replicate.Worker.Console.csproj", "{F267C977-2DEA-437D-820E-B0DC42D47251}"
EndProject
Project("{9A19103F-16F7-4668-BE54-9A1E7A4F7556}") = "Pi.Replicate.Workers", "Pi.Replicate.Workers\Pi.Replicate.Workers.csproj", "{AA1271D7-39FE-43D6-8FF9-821F5EBD7220}"
EndProject
Project("{9A19103F-16F7-4668-BE54-9A1E7A4F7556}") = "Pi.Replicate.Data", "Pi.Replicate.Data\Pi.Replicate.Data.csproj", "{CE1932A8-ABAC-4DD1-AA63-510AA8C99094}"
EndProject
Project("{9A19103F-16F7-4668-BE54-9A1E7A4F7556}") = "Pi.Replicate.WebUi", "Pi.Replicate.WebUi\Pi.Replicate.WebUi.csproj", "{3747CA3A-5BA4-4FE1-B4FF-302FEAC634AD}"
EndProject
Project("{2150E333-8FDC-42A3-9474-1A3956D46DE8}") = "Solution Items", "Solution Items", "{D1BABA37-6B62-4280-99D5-DEF785B4F4BD}"
EndProject
Global
	GlobalSection(SolutionConfigurationPlatforms) = preSolution
		Debug|Any CPU = Debug|Any CPU
		Debug|x64 = Debug|x64
		Debug|x86 = Debug|x86
		Release|Any CPU = Release|Any CPU
		Release|x64 = Release|x64
		Release|x86 = Release|x86
	EndGlobalSection
	GlobalSection(ProjectConfigurationPlatforms) = postSolution
		{A041BDDC-E623-44A9-AF45-4BB6273F4577}.Debug|Any CPU.ActiveCfg = Debug|Any CPU
		{A041BDDC-E623-44A9-AF45-4BB6273F4577}.Debug|Any CPU.Build.0 = Debug|Any CPU
		{A041BDDC-E623-44A9-AF45-4BB6273F4577}.Debug|x64.ActiveCfg = Debug|Any CPU
		{A041BDDC-E623-44A9-AF45-4BB6273F4577}.Debug|x64.Build.0 = Debug|Any CPU
		{A041BDDC-E623-44A9-AF45-4BB6273F4577}.Debug|x86.ActiveCfg = Debug|Any CPU
		{A041BDDC-E623-44A9-AF45-4BB6273F4577}.Debug|x86.Build.0 = Debug|Any CPU
		{A041BDDC-E623-44A9-AF45-4BB6273F4577}.Release|Any CPU.ActiveCfg = Release|Any CPU
		{A041BDDC-E623-44A9-AF45-4BB6273F4577}.Release|Any CPU.Build.0 = Release|Any CPU
		{A041BDDC-E623-44A9-AF45-4BB6273F4577}.Release|x64.ActiveCfg = Release|Any CPU
		{A041BDDC-E623-44A9-AF45-4BB6273F4577}.Release|x64.Build.0 = Release|Any CPU
		{A041BDDC-E623-44A9-AF45-4BB6273F4577}.Release|x86.ActiveCfg = Release|Any CPU
		{A041BDDC-E623-44A9-AF45-4BB6273F4577}.Release|x86.Build.0 = Release|Any CPU
		{DF2EAEEB-EAC4-47B8-AF42-AB2767F3FC66}.Debug|Any CPU.ActiveCfg = Debug|Any CPU
		{DF2EAEEB-EAC4-47B8-AF42-AB2767F3FC66}.Debug|Any CPU.Build.0 = Debug|Any CPU
		{DF2EAEEB-EAC4-47B8-AF42-AB2767F3FC66}.Debug|x64.ActiveCfg = Debug|Any CPU
		{DF2EAEEB-EAC4-47B8-AF42-AB2767F3FC66}.Debug|x64.Build.0 = Debug|Any CPU
		{DF2EAEEB-EAC4-47B8-AF42-AB2767F3FC66}.Debug|x86.ActiveCfg = Debug|Any CPU
		{DF2EAEEB-EAC4-47B8-AF42-AB2767F3FC66}.Debug|x86.Build.0 = Debug|Any CPU
		{DF2EAEEB-EAC4-47B8-AF42-AB2767F3FC66}.Release|Any CPU.ActiveCfg = Release|Any CPU
		{DF2EAEEB-EAC4-47B8-AF42-AB2767F3FC66}.Release|Any CPU.Build.0 = Release|Any CPU
		{DF2EAEEB-EAC4-47B8-AF42-AB2767F3FC66}.Release|x64.ActiveCfg = Release|Any CPU
		{DF2EAEEB-EAC4-47B8-AF42-AB2767F3FC66}.Release|x64.Build.0 = Release|Any CPU
		{DF2EAEEB-EAC4-47B8-AF42-AB2767F3FC66}.Release|x86.ActiveCfg = Release|Any CPU
		{DF2EAEEB-EAC4-47B8-AF42-AB2767F3FC66}.Release|x86.Build.0 = Release|Any CPU
		{8A784A4C-1CAE-477F-8EB1-95ED56B9619F}.Debug|Any CPU.ActiveCfg = Debug|Any CPU
		{8A784A4C-1CAE-477F-8EB1-95ED56B9619F}.Debug|Any CPU.Build.0 = Debug|Any CPU
		{8A784A4C-1CAE-477F-8EB1-95ED56B9619F}.Debug|x64.ActiveCfg = Debug|Any CPU
		{8A784A4C-1CAE-477F-8EB1-95ED56B9619F}.Debug|x64.Build.0 = Debug|Any CPU
		{8A784A4C-1CAE-477F-8EB1-95ED56B9619F}.Debug|x86.ActiveCfg = Debug|Any CPU
		{8A784A4C-1CAE-477F-8EB1-95ED56B9619F}.Debug|x86.Build.0 = Debug|Any CPU
		{8A784A4C-1CAE-477F-8EB1-95ED56B9619F}.Release|Any CPU.ActiveCfg = Release|Any CPU
		{8A784A4C-1CAE-477F-8EB1-95ED56B9619F}.Release|Any CPU.Build.0 = Release|Any CPU
		{8A784A4C-1CAE-477F-8EB1-95ED56B9619F}.Release|x64.ActiveCfg = Release|Any CPU
		{8A784A4C-1CAE-477F-8EB1-95ED56B9619F}.Release|x64.Build.0 = Release|Any CPU
		{8A784A4C-1CAE-477F-8EB1-95ED56B9619F}.Release|x86.ActiveCfg = Release|Any CPU
		{8A784A4C-1CAE-477F-8EB1-95ED56B9619F}.Release|x86.Build.0 = Release|Any CPU
		{EA7BDA72-D4D5-4740-BB3F-313B14A7A57C}.Debug|Any CPU.ActiveCfg = Debug|Any CPU
		{EA7BDA72-D4D5-4740-BB3F-313B14A7A57C}.Debug|Any CPU.Build.0 = Debug|Any CPU
		{EA7BDA72-D4D5-4740-BB3F-313B14A7A57C}.Debug|x64.ActiveCfg = Debug|Any CPU
		{EA7BDA72-D4D5-4740-BB3F-313B14A7A57C}.Debug|x64.Build.0 = Debug|Any CPU
		{EA7BDA72-D4D5-4740-BB3F-313B14A7A57C}.Debug|x86.ActiveCfg = Debug|Any CPU
		{EA7BDA72-D4D5-4740-BB3F-313B14A7A57C}.Debug|x86.Build.0 = Debug|Any CPU
		{EA7BDA72-D4D5-4740-BB3F-313B14A7A57C}.Release|Any CPU.ActiveCfg = Release|Any CPU
		{EA7BDA72-D4D5-4740-BB3F-313B14A7A57C}.Release|Any CPU.Build.0 = Release|Any CPU
		{EA7BDA72-D4D5-4740-BB3F-313B14A7A57C}.Release|x64.ActiveCfg = Release|Any CPU
		{EA7BDA72-D4D5-4740-BB3F-313B14A7A57C}.Release|x64.Build.0 = Release|Any CPU
		{EA7BDA72-D4D5-4740-BB3F-313B14A7A57C}.Release|x86.ActiveCfg = Release|Any CPU
		{EA7BDA72-D4D5-4740-BB3F-313B14A7A57C}.Release|x86.Build.0 = Release|Any CPU
		{E79CA852-4F88-44FA-8CCC-73E866E4C0B2}.Debug|Any CPU.ActiveCfg = Debug|Any CPU
		{E79CA852-4F88-44FA-8CCC-73E866E4C0B2}.Debug|Any CPU.Build.0 = Debug|Any CPU
		{E79CA852-4F88-44FA-8CCC-73E866E4C0B2}.Debug|x64.ActiveCfg = Debug|Any CPU
		{E79CA852-4F88-44FA-8CCC-73E866E4C0B2}.Debug|x64.Build.0 = Debug|Any CPU
		{E79CA852-4F88-44FA-8CCC-73E866E4C0B2}.Debug|x86.ActiveCfg = Debug|Any CPU
		{E79CA852-4F88-44FA-8CCC-73E866E4C0B2}.Debug|x86.Build.0 = Debug|Any CPU
		{E79CA852-4F88-44FA-8CCC-73E866E4C0B2}.Release|Any CPU.ActiveCfg = Release|Any CPU
		{E79CA852-4F88-44FA-8CCC-73E866E4C0B2}.Release|Any CPU.Build.0 = Release|Any CPU
		{E79CA852-4F88-44FA-8CCC-73E866E4C0B2}.Release|x64.ActiveCfg = Release|Any CPU
		{E79CA852-4F88-44FA-8CCC-73E866E4C0B2}.Release|x64.Build.0 = Release|Any CPU
		{E79CA852-4F88-44FA-8CCC-73E866E4C0B2}.Release|x86.ActiveCfg = Release|Any CPU
		{E79CA852-4F88-44FA-8CCC-73E866E4C0B2}.Release|x86.Build.0 = Release|Any CPU
		{F267C977-2DEA-437D-820E-B0DC42D47251}.Debug|Any CPU.ActiveCfg = Debug|Any CPU
		{F267C977-2DEA-437D-820E-B0DC42D47251}.Debug|Any CPU.Build.0 = Debug|Any CPU
		{F267C977-2DEA-437D-820E-B0DC42D47251}.Debug|x64.ActiveCfg = Debug|Any CPU
		{F267C977-2DEA-437D-820E-B0DC42D47251}.Debug|x64.Build.0 = Debug|Any CPU
		{F267C977-2DEA-437D-820E-B0DC42D47251}.Debug|x86.ActiveCfg = Debug|Any CPU
		{F267C977-2DEA-437D-820E-B0DC42D47251}.Debug|x86.Build.0 = Debug|Any CPU
		{F267C977-2DEA-437D-820E-B0DC42D47251}.Release|Any CPU.ActiveCfg = Release|Any CPU
		{F267C977-2DEA-437D-820E-B0DC42D47251}.Release|Any CPU.Build.0 = Release|Any CPU
		{F267C977-2DEA-437D-820E-B0DC42D47251}.Release|x64.ActiveCfg = Release|Any CPU
		{F267C977-2DEA-437D-820E-B0DC42D47251}.Release|x64.Build.0 = Release|Any CPU
		{F267C977-2DEA-437D-820E-B0DC42D47251}.Release|x86.ActiveCfg = Release|Any CPU
		{F267C977-2DEA-437D-820E-B0DC42D47251}.Release|x86.Build.0 = Release|Any CPU
		{AA1271D7-39FE-43D6-8FF9-821F5EBD7220}.Debug|Any CPU.ActiveCfg = Debug|Any CPU
		{AA1271D7-39FE-43D6-8FF9-821F5EBD7220}.Debug|Any CPU.Build.0 = Debug|Any CPU
		{AA1271D7-39FE-43D6-8FF9-821F5EBD7220}.Debug|x64.ActiveCfg = Debug|Any CPU
		{AA1271D7-39FE-43D6-8FF9-821F5EBD7220}.Debug|x64.Build.0 = Debug|Any CPU
		{AA1271D7-39FE-43D6-8FF9-821F5EBD7220}.Debug|x86.ActiveCfg = Debug|Any CPU
		{AA1271D7-39FE-43D6-8FF9-821F5EBD7220}.Debug|x86.Build.0 = Debug|Any CPU
		{AA1271D7-39FE-43D6-8FF9-821F5EBD7220}.Release|Any CPU.ActiveCfg = Release|Any CPU
		{AA1271D7-39FE-43D6-8FF9-821F5EBD7220}.Release|Any CPU.Build.0 = Release|Any CPU
		{AA1271D7-39FE-43D6-8FF9-821F5EBD7220}.Release|x64.ActiveCfg = Release|Any CPU
		{AA1271D7-39FE-43D6-8FF9-821F5EBD7220}.Release|x64.Build.0 = Release|Any CPU
		{AA1271D7-39FE-43D6-8FF9-821F5EBD7220}.Release|x86.ActiveCfg = Release|Any CPU
		{AA1271D7-39FE-43D6-8FF9-821F5EBD7220}.Release|x86.Build.0 = Release|Any CPU
		{CE1932A8-ABAC-4DD1-AA63-510AA8C99094}.Debug|Any CPU.ActiveCfg = Debug|Any CPU
		{CE1932A8-ABAC-4DD1-AA63-510AA8C99094}.Debug|Any CPU.Build.0 = Debug|Any CPU
		{CE1932A8-ABAC-4DD1-AA63-510AA8C99094}.Debug|x64.ActiveCfg = Debug|Any CPU
		{CE1932A8-ABAC-4DD1-AA63-510AA8C99094}.Debug|x64.Build.0 = Debug|Any CPU
		{CE1932A8-ABAC-4DD1-AA63-510AA8C99094}.Debug|x86.ActiveCfg = Debug|Any CPU
		{CE1932A8-ABAC-4DD1-AA63-510AA8C99094}.Debug|x86.Build.0 = Debug|Any CPU
		{CE1932A8-ABAC-4DD1-AA63-510AA8C99094}.Release|Any CPU.ActiveCfg = Release|Any CPU
		{CE1932A8-ABAC-4DD1-AA63-510AA8C99094}.Release|Any CPU.Build.0 = Release|Any CPU
		{CE1932A8-ABAC-4DD1-AA63-510AA8C99094}.Release|x64.ActiveCfg = Release|Any CPU
		{CE1932A8-ABAC-4DD1-AA63-510AA8C99094}.Release|x64.Build.0 = Release|Any CPU
		{CE1932A8-ABAC-4DD1-AA63-510AA8C99094}.Release|x86.ActiveCfg = Release|Any CPU
		{CE1932A8-ABAC-4DD1-AA63-510AA8C99094}.Release|x86.Build.0 = Release|Any CPU
		{3747CA3A-5BA4-4FE1-B4FF-302FEAC634AD}.Debug|Any CPU.ActiveCfg = Debug|Any CPU
		{3747CA3A-5BA4-4FE1-B4FF-302FEAC634AD}.Debug|Any CPU.Build.0 = Debug|Any CPU
		{3747CA3A-5BA4-4FE1-B4FF-302FEAC634AD}.Debug|x64.ActiveCfg = Debug|Any CPU
		{3747CA3A-5BA4-4FE1-B4FF-302FEAC634AD}.Debug|x64.Build.0 = Debug|Any CPU
		{3747CA3A-5BA4-4FE1-B4FF-302FEAC634AD}.Debug|x86.ActiveCfg = Debug|Any CPU
		{3747CA3A-5BA4-4FE1-B4FF-302FEAC634AD}.Debug|x86.Build.0 = Debug|Any CPU
		{3747CA3A-5BA4-4FE1-B4FF-302FEAC634AD}.Release|Any CPU.ActiveCfg = Release|Any CPU
		{3747CA3A-5BA4-4FE1-B4FF-302FEAC634AD}.Release|Any CPU.Build.0 = Release|Any CPU
		{3747CA3A-5BA4-4FE1-B4FF-302FEAC634AD}.Release|x64.ActiveCfg = Release|Any CPU
		{3747CA3A-5BA4-4FE1-B4FF-302FEAC634AD}.Release|x64.Build.0 = Release|Any CPU
		{3747CA3A-5BA4-4FE1-B4FF-302FEAC634AD}.Release|x86.ActiveCfg = Release|Any CPU
		{3747CA3A-5BA4-4FE1-B4FF-302FEAC634AD}.Release|x86.Build.0 = Release|Any CPU
	EndGlobalSection
	GlobalSection(SolutionProperties) = preSolution
		HideSolutionNode = FALSE
	EndGlobalSection
	GlobalSection(NestedProjects) = preSolution
		{A041BDDC-E623-44A9-AF45-4BB6273F4577} = {60DAB05A-4AA3-4F91-9DBA-02153AFBE99B}
		{DF2EAEEB-EAC4-47B8-AF42-AB2767F3FC66} = {60DAB05A-4AA3-4F91-9DBA-02153AFBE99B}
		{EA7BDA72-D4D5-4740-BB3F-313B14A7A57C} = {60DAB05A-4AA3-4F91-9DBA-02153AFBE99B}
		{E79CA852-4F88-44FA-8CCC-73E866E4C0B2} = {60DAB05A-4AA3-4F91-9DBA-02153AFBE99B}
		{F267C977-2DEA-437D-820E-B0DC42D47251} = {A5A67A10-A731-4F45-80E3-5BF6F02332D0}
		{AA1271D7-39FE-43D6-8FF9-821F5EBD7220} = {A5A67A10-A731-4F45-80E3-5BF6F02332D0}
		{CE1932A8-ABAC-4DD1-AA63-510AA8C99094} = {712C9502-C220-463D-9450-15DE34088AC1}
		{3747CA3A-5BA4-4FE1-B4FF-302FEAC634AD} = {A5A67A10-A731-4F45-80E3-5BF6F02332D0}
	EndGlobalSection
	GlobalSection(ExtensibilityGlobals) = postSolution
		SolutionGuid = {73153CF6-1F41-4933-982A-6BC2C2013EA0}
	EndGlobalSection
EndGlobal
